
Microsoft Visual Studio Solution File, Format Version 12.00
# Visual Studio Version 16
VisualStudioVersion = 16.0.30907.101
MinimumVisualStudioVersion = 10.0.40219.1
Project("{9A19103F-16F7-4668-BE54-9A1E7A4F7556}") = "AireLogic.TechnicalChallenge.ConnorWard", "AireLogic.TechnicalChallenge.ConnorWard\AireLogic.TechnicalChallenge.ConnorWard.csproj", "{E38E95A0-A979-47A2-913B-9E59C1ADE1E2}"
EndProject
Project("{9A19103F-16F7-4668-BE54-9A1E7A4F7556}") = "AireLogic.TechnicalChallenge.ConnorWard.Test", "AireLogic.TechnicalChallenge.ConnorWard.Test\AireLogic.TechnicalChallenge.ConnorWard.Test.csproj", "{3A72AD14-A729-419C-ABD8-3A85D6BBEE0B}"
EndProject
Global
	GlobalSection(SolutionConfigurationPlatforms) = preSolution
		Debug|Any CPU = Debug|Any CPU
		Release|Any CPU = Release|Any CPU
	EndGlobalSection
	GlobalSection(ProjectConfigurationPlatforms) = postSolution
		{E38E95A0-A979-47A2-913B-9E59C1ADE1E2}.Debug|Any CPU.ActiveCfg = Debug|Any CPU
		{E38E95A0-A979-47A2-913B-9E59C1ADE1E2}.Debug|Any CPU.Build.0 = Debug|Any CPU
		{E38E95A0-A979-47A2-913B-9E59C1ADE1E2}.Release|Any CPU.ActiveCfg = Release|Any CPU
		{E38E95A0-A979-47A2-913B-9E59C1ADE1E2}.Release|Any CPU.Build.0 = Release|Any CPU
		{3A72AD14-A729-419C-ABD8-3A85D6BBEE0B}.Debug|Any CPU.ActiveCfg = Debug|Any CPU
		{3A72AD14-A729-419C-ABD8-3A85D6BBEE0B}.Debug|Any CPU.Build.0 = Debug|Any CPU
		{3A72AD14-A729-419C-ABD8-3A85D6BBEE0B}.Release|Any CPU.ActiveCfg = Release|Any CPU
		{3A72AD14-A729-419C-ABD8-3A85D6BBEE0B}.Release|Any CPU.Build.0 = Release|Any CPU
	EndGlobalSection
	GlobalSection(SolutionProperties) = preSolution
		HideSolutionNode = FALSE
	EndGlobalSection
	GlobalSection(ExtensibilityGlobals) = postSolution
		SolutionGuid = {91448AF6-6052-4446-84F1-F2A16884723B}
	EndGlobalSection
EndGlobal
